# This file is automatically @generated by Cargo.
# It is not intended for manual editing.
version = 4

[[package]]
name = "evault-cli"
version = "0.1.0"

[[package]]
name = "evault-core"
version = "0.1.0"

[[package]]
name = "evault-manifest"
version = "0.1.0"

[[package]]
name = "evault-materializer"
version = "0.1.0"

[[package]]
name = "evault-runner"
version = "0.1.0"

[[package]]
name = "evault-scanner-regex"
version = "0.1.0"

[[package]]
name = "evault-store-keyring"
version = "0.1.0"

[[package]]
name = "evault-store-memory"
version = "0.1.0"

[[package]]
name = "evault-store-sqlcipher"
version = "0.1.0"

[[package]]
name = "evault-tui"
version = "0.1.0"
